
Microsoft Visual Studio Solution File, Format Version 12.00
# Visual Studio Version 16
VisualStudioVersion = 16.0.30804.86
MinimumVisualStudioVersion = 10.0.40219.1
Project("{9A19103F-16F7-4668-BE54-9A1E7A4F7556}") = "KampIntro", "KampIntro\KampIntro.csproj", "{F3861D9F-3EC0-4BB1-A0CF-B23FF61E2928}"
EndProject
Project("{9A19103F-16F7-4668-BE54-9A1E7A4F7556}") = "Donguler", "Donguler\Donguler.csproj", "{F355238A-B67B-43C2-AB4D-9FD57FA6BCD6}"
EndProject
Project("{9A19103F-16F7-4668-BE54-9A1E7A4F7556}") = "ClassIntro", "ClassIntro\ClassIntro.csproj", "{FDA67D8A-D192-435B-A346-4273D01FAC59}"
EndProject
Project("{9A19103F-16F7-4668-BE54-9A1E7A4F7556}") = "Gun2Odev6", "GunikiOdevaltı\Gun2Odev6.csproj", "{137121BC-DA9F-46E8-8527-6503BFFC5097}"
EndProject
Project("{9A19103F-16F7-4668-BE54-9A1E7A4F7556}") = "Metotlar", "Metotlar\Metotlar.csproj", "{AAC5F55A-2BE4-402F-80D0-9CDFD3963D62}"
EndProject
Project("{9A19103F-16F7-4668-BE54-9A1E7A4F7556}") = "Matematik", "Matematik\Matematik.csproj", "{EEEF39F0-CF5B-42EF-9F96-21FC0B6744D4}"
EndProject
Project("{9A19103F-16F7-4668-BE54-9A1E7A4F7556}") = "DegerVeReferansTipler", "DegerVeReferansTipler\DegerVeReferansTipler.csproj", "{4CE1B64C-1BCA-41C0-BBC8-97A8D2DF7F1E}"
EndProject
Project("{9A19103F-16F7-4668-BE54-9A1E7A4F7556}") = "RefOut", "RefOut\RefOut.csproj", "{E1046B21-4AB9-4889-9816-DB103FE180BA}"
EndProject
Project("{9A19103F-16F7-4668-BE54-9A1E7A4F7556}") = "ClassMetotDemo", "ClassMetotDemo\ClassMetotDemo.csproj", "{C1E5C7BD-7CB6-4F69-97AF-5D30CF10F6A8}"
EndProject
Project("{9A19103F-16F7-4668-BE54-9A1E7A4F7556}") = "OOP1", "OOP1\OOP1.csproj", "{42CA824E-66CA-4D93-80A6-F701F79C1269}"
EndProject
Project("{9A19103F-16F7-4668-BE54-9A1E7A4F7556}") = "Koleksiyonlar", "Koleksiyonlar\Koleksiyonlar.csproj", "{D7AD351B-27BD-43DC-A91E-FC762871A151}"
EndProject
Project("{9A19103F-16F7-4668-BE54-9A1E7A4F7556}") = "GenericsIntro", "GenericsIntro\GenericsIntro.csproj", "{4602E1DF-FC66-46EE-A2D1-DF8ABE6FC94B}"
EndProject
Project("{9A19103F-16F7-4668-BE54-9A1E7A4F7556}") = "ReferenceTypes", "ReferenceTypes\ReferenceTypes.csproj", "{45CB6B8C-95F5-4867-BAC4-779BAE6B83C1}"
EndProject
Project("{9A19103F-16F7-4668-BE54-9A1E7A4F7556}") = "Constructors", "Constructors\Constructors.csproj", "{85FCE692-EAA2-4DCE-9A84-7C3CFAB2AC76}"
EndProject
Project("{9A19103F-16F7-4668-BE54-9A1E7A4F7556}") = "Dictionary", "Dictionary\Dictionary.csproj", "{551EF4D4-7959-4306-9400-4235CA3273C6}"
EndProject
Project("{9A19103F-16F7-4668-BE54-9A1E7A4F7556}") = "OOP2", "OOP2\OOP2.csproj", "{04C2B1AD-B202-40D6-8873-8A8B36464A09}"
EndProject
Project("{FAE04EC0-301F-11D3-BF4B-00C04F79EFBC}") = "OOP3", "OOP3\OOP3.csproj", "{50AF4724-4BF5-4475-A4FF-93DCF98D0CA8}"
EndProject
Global
	GlobalSection(SolutionConfigurationPlatforms) = preSolution
		Debug|Any CPU = Debug|Any CPU
		Release|Any CPU = Release|Any CPU
	EndGlobalSection
	GlobalSection(ProjectConfigurationPlatforms) = postSolution
		{F3861D9F-3EC0-4BB1-A0CF-B23FF61E2928}.Debug|Any CPU.ActiveCfg = Debug|Any CPU
		{F3861D9F-3EC0-4BB1-A0CF-B23FF61E2928}.Debug|Any CPU.Build.0 = Debug|Any CPU
		{F3861D9F-3EC0-4BB1-A0CF-B23FF61E2928}.Release|Any CPU.ActiveCfg = Release|Any CPU
		{F3861D9F-3EC0-4BB1-A0CF-B23FF61E2928}.Release|Any CPU.Build.0 = Release|Any CPU
		{F355238A-B67B-43C2-AB4D-9FD57FA6BCD6}.Debug|Any CPU.ActiveCfg = Debug|Any CPU
		{F355238A-B67B-43C2-AB4D-9FD57FA6BCD6}.Debug|Any CPU.Build.0 = Debug|Any CPU
		{F355238A-B67B-43C2-AB4D-9FD57FA6BCD6}.Release|Any CPU.ActiveCfg = Release|Any CPU
		{F355238A-B67B-43C2-AB4D-9FD57FA6BCD6}.Release|Any CPU.Build.0 = Release|Any CPU
		{FDA67D8A-D192-435B-A346-4273D01FAC59}.Debug|Any CPU.ActiveCfg = Debug|Any CPU
		{FDA67D8A-D192-435B-A346-4273D01FAC59}.Debug|Any CPU.Build.0 = Debug|Any CPU
		{FDA67D8A-D192-435B-A346-4273D01FAC59}.Release|Any CPU.ActiveCfg = Release|Any CPU
		{FDA67D8A-D192-435B-A346-4273D01FAC59}.Release|Any CPU.Build.0 = Release|Any CPU
		{137121BC-DA9F-46E8-8527-6503BFFC5097}.Debug|Any CPU.ActiveCfg = Debug|Any CPU
		{137121BC-DA9F-46E8-8527-6503BFFC5097}.Debug|Any CPU.Build.0 = Debug|Any CPU
		{137121BC-DA9F-46E8-8527-6503BFFC5097}.Release|Any CPU.ActiveCfg = Release|Any CPU
		{137121BC-DA9F-46E8-8527-6503BFFC5097}.Release|Any CPU.Build.0 = Release|Any CPU
		{AAC5F55A-2BE4-402F-80D0-9CDFD3963D62}.Debug|Any CPU.ActiveCfg = Debug|Any CPU
		{AAC5F55A-2BE4-402F-80D0-9CDFD3963D62}.Debug|Any CPU.Build.0 = Debug|Any CPU
		{AAC5F55A-2BE4-402F-80D0-9CDFD3963D62}.Release|Any CPU.ActiveCfg = Release|Any CPU
		{AAC5F55A-2BE4-402F-80D0-9CDFD3963D62}.Release|Any CPU.Build.0 = Release|Any CPU
		{EEEF39F0-CF5B-42EF-9F96-21FC0B6744D4}.Debug|Any CPU.ActiveCfg = Debug|Any CPU
		{EEEF39F0-CF5B-42EF-9F96-21FC0B6744D4}.Debug|Any CPU.Build.0 = Debug|Any CPU
		{EEEF39F0-CF5B-42EF-9F96-21FC0B6744D4}.Release|Any CPU.ActiveCfg = Release|Any CPU
		{EEEF39F0-CF5B-42EF-9F96-21FC0B6744D4}.Release|Any CPU.Build.0 = Release|Any CPU
		{4CE1B64C-1BCA-41C0-BBC8-97A8D2DF7F1E}.Debug|Any CPU.ActiveCfg = Debug|Any CPU
		{4CE1B64C-1BCA-41C0-BBC8-97A8D2DF7F1E}.Debug|Any CPU.Build.0 = Debug|Any CPU
		{4CE1B64C-1BCA-41C0-BBC8-97A8D2DF7F1E}.Release|Any CPU.ActiveCfg = Release|Any CPU
		{4CE1B64C-1BCA-41C0-BBC8-97A8D2DF7F1E}.Release|Any CPU.Build.0 = Release|Any CPU
		{E1046B21-4AB9-4889-9816-DB103FE180BA}.Debug|Any CPU.ActiveCfg = Debug|Any CPU
		{E1046B21-4AB9-4889-9816-DB103FE180BA}.Debug|Any CPU.Build.0 = Debug|Any CPU
		{E1046B21-4AB9-4889-9816-DB103FE180BA}.Release|Any CPU.ActiveCfg = Release|Any CPU
		{E1046B21-4AB9-4889-9816-DB103FE180BA}.Release|Any CPU.Build.0 = Release|Any CPU
		{C1E5C7BD-7CB6-4F69-97AF-5D30CF10F6A8}.Debug|Any CPU.ActiveCfg = Debug|Any CPU
		{C1E5C7BD-7CB6-4F69-97AF-5D30CF10F6A8}.Debug|Any CPU.Build.0 = Debug|Any CPU
		{C1E5C7BD-7CB6-4F69-97AF-5D30CF10F6A8}.Release|Any CPU.ActiveCfg = Release|Any CPU
		{C1E5C7BD-7CB6-4F69-97AF-5D30CF10F6A8}.Release|Any CPU.Build.0 = Release|Any CPU
		{42CA824E-66CA-4D93-80A6-F701F79C1269}.Debug|Any CPU.ActiveCfg = Debug|Any CPU
		{42CA824E-66CA-4D93-80A6-F701F79C1269}.Debug|Any CPU.Build.0 = Debug|Any CPU
		{42CA824E-66CA-4D93-80A6-F701F79C1269}.Release|Any CPU.ActiveCfg = Release|Any CPU
		{42CA824E-66CA-4D93-80A6-F701F79C1269}.Release|Any CPU.Build.0 = Release|Any CPU
		{D7AD351B-27BD-43DC-A91E-FC762871A151}.Debug|Any CPU.ActiveCfg = Debug|Any CPU
		{D7AD351B-27BD-43DC-A91E-FC762871A151}.Debug|Any CPU.Build.0 = Debug|Any CPU
		{D7AD351B-27BD-43DC-A91E-FC762871A151}.Release|Any CPU.ActiveCfg = Release|Any CPU
		{D7AD351B-27BD-43DC-A91E-FC762871A151}.Release|Any CPU.Build.0 = Release|Any CPU
		{4602E1DF-FC66-46EE-A2D1-DF8ABE6FC94B}.Debug|Any CPU.ActiveCfg = Debug|Any CPU
		{4602E1DF-FC66-46EE-A2D1-DF8ABE6FC94B}.Debug|Any CPU.Build.0 = Debug|Any CPU
		{4602E1DF-FC66-46EE-A2D1-DF8ABE6FC94B}.Release|Any CPU.ActiveCfg = Release|Any CPU
		{4602E1DF-FC66-46EE-A2D1-DF8ABE6FC94B}.Release|Any CPU.Build.0 = Release|Any CPU
		{45CB6B8C-95F5-4867-BAC4-779BAE6B83C1}.Debug|Any CPU.ActiveCfg = Debug|Any CPU
		{45CB6B8C-95F5-4867-BAC4-779BAE6B83C1}.Debug|Any CPU.Build.0 = Debug|Any CPU
		{45CB6B8C-95F5-4867-BAC4-779BAE6B83C1}.Release|Any CPU.ActiveCfg = Release|Any CPU
		{45CB6B8C-95F5-4867-BAC4-779BAE6B83C1}.Release|Any CPU.Build.0 = Release|Any CPU
		{85FCE692-EAA2-4DCE-9A84-7C3CFAB2AC76}.Debug|Any CPU.ActiveCfg = Debug|Any CPU
		{85FCE692-EAA2-4DCE-9A84-7C3CFAB2AC76}.Debug|Any CPU.Build.0 = Debug|Any CPU
		{85FCE692-EAA2-4DCE-9A84-7C3CFAB2AC76}.Release|Any CPU.ActiveCfg = Release|Any CPU
		{85FCE692-EAA2-4DCE-9A84-7C3CFAB2AC76}.Release|Any CPU.Build.0 = Release|Any CPU
		{551EF4D4-7959-4306-9400-4235CA3273C6}.Debug|Any CPU.ActiveCfg = Debug|Any CPU
		{551EF4D4-7959-4306-9400-4235CA3273C6}.Debug|Any CPU.Build.0 = Debug|Any CPU
		{551EF4D4-7959-4306-9400-4235CA3273C6}.Release|Any CPU.ActiveCfg = Release|Any CPU
		{551EF4D4-7959-4306-9400-4235CA3273C6}.Release|Any CPU.Build.0 = Release|Any CPU
		{04C2B1AD-B202-40D6-8873-8A8B36464A09}.Debug|Any CPU.ActiveCfg = Debug|Any CPU
		{04C2B1AD-B202-40D6-8873-8A8B36464A09}.Debug|Any CPU.Build.0 = Debug|Any CPU
		{04C2B1AD-B202-40D6-8873-8A8B36464A09}.Release|Any CPU.ActiveCfg = Release|Any CPU
		{04C2B1AD-B202-40D6-8873-8A8B36464A09}.Release|Any CPU.Build.0 = Release|Any CPU
		{50AF4724-4BF5-4475-A4FF-93DCF98D0CA8}.Debug|Any CPU.ActiveCfg = Debug|Any CPU
		{50AF4724-4BF5-4475-A4FF-93DCF98D0CA8}.Debug|Any CPU.Build.0 = Debug|Any CPU
		{50AF4724-4BF5-4475-A4FF-93DCF98D0CA8}.Release|Any CPU.ActiveCfg = Release|Any CPU
		{50AF4724-4BF5-4475-A4FF-93DCF98D0CA8}.Release|Any CPU.Build.0 = Release|Any CPU
	EndGlobalSection
	GlobalSection(SolutionProperties) = preSolution
		HideSolutionNode = FALSE
	EndGlobalSection
	GlobalSection(ExtensibilityGlobals) = postSolution
		SolutionGuid = {E1882BDF-3F0A-4016-A21D-3354D6844E2D}
	EndGlobalSection
EndGlobal
